
Microsoft Visual Studio Solution File, Format Version 12.00
# Visual Studio Version 16
VisualStudioVersion = 16.0.29020.237
MinimumVisualStudioVersion = 10.0.40219.1
Project("{FAE04EC0-301F-11D3-BF4B-00C04F79EFBC}") = "04-Fiap.Web.AspNet", "04-Fiap.Web.AspNet\04-Fiap.Web.AspNet.csproj", "{CD07B903-D2E2-4CCF-92F4-E9ABE5505F86}"
EndProject
Global
	GlobalSection(SolutionConfigurationPlatforms) = preSolution
		Debug|Any CPU = Debug|Any CPU
		Release|Any CPU = Release|Any CPU
	EndGlobalSection
	GlobalSection(ProjectConfigurationPlatforms) = postSolution
		{CD07B903-D2E2-4CCF-92F4-E9ABE5505F86}.Debug|Any CPU.ActiveCfg = Debug|Any CPU
		{CD07B903-D2E2-4CCF-92F4-E9ABE5505F86}.Debug|Any CPU.Build.0 = Debug|Any CPU
		{CD07B903-D2E2-4CCF-92F4-E9ABE5505F86}.Release|Any CPU.ActiveCfg = Release|Any CPU
		{CD07B903-D2E2-4CCF-92F4-E9ABE5505F86}.Release|Any CPU.Build.0 = Release|Any CPU
	EndGlobalSection
	GlobalSection(SolutionProperties) = preSolution
		HideSolutionNode = FALSE
	EndGlobalSection
	GlobalSection(ExtensibilityGlobals) = postSolution
		SolutionGuid = {CA7FA42E-25D8-446A-86CE-C344ACAEED35}
	EndGlobalSection
EndGlobal
