
Microsoft Visual Studio Solution File, Format Version 12.00
# Visual Studio Version 16
VisualStudioVersion = 16.0.29020.237
MinimumVisualStudioVersion = 10.0.40219.1
Project("{FAE04EC0-301F-11D3-BF4B-00C04F79EFBC}") = "07-Fiap.Web.AspNet", "07-Fiap.Web.AspNet\07-Fiap.Web.AspNet.csproj", "{ABD1914B-9ADC-4502-8AB4-C980790B8C03}"
EndProject
Global
	GlobalSection(SolutionConfigurationPlatforms) = preSolution
		Debug|Any CPU = Debug|Any CPU
		Release|Any CPU = Release|Any CPU
	EndGlobalSection
	GlobalSection(ProjectConfigurationPlatforms) = postSolution
		{ABD1914B-9ADC-4502-8AB4-C980790B8C03}.Debug|Any CPU.ActiveCfg = Debug|Any CPU
		{ABD1914B-9ADC-4502-8AB4-C980790B8C03}.Debug|Any CPU.Build.0 = Debug|Any CPU
		{ABD1914B-9ADC-4502-8AB4-C980790B8C03}.Release|Any CPU.ActiveCfg = Release|Any CPU
		{ABD1914B-9ADC-4502-8AB4-C980790B8C03}.Release|Any CPU.Build.0 = Release|Any CPU
	EndGlobalSection
	GlobalSection(SolutionProperties) = preSolution
		HideSolutionNode = FALSE
	EndGlobalSection
	GlobalSection(ExtensibilityGlobals) = postSolution
		SolutionGuid = {B4DDEEC2-4D3F-4274-AF5D-6E9823D9DDEC}
	EndGlobalSection
EndGlobal
