
Microsoft Visual Studio Solution File, Format Version 12.00
# Visual Studio Version 16
VisualStudioVersion = 16.0.29020.237
MinimumVisualStudioVersion = 10.0.40219.1
Project("{FAE04EC0-301F-11D3-BF4B-00C04F79EFBC}") = "01_Fiap.Exercicio01", "01_Fiap.Exercicio01\01_Fiap.Exercicio01.csproj", "{CE43DBC0-9825-4BF9-A9D1-9320E892E6CC}"
EndProject
Global
	GlobalSection(SolutionConfigurationPlatforms) = preSolution
		Debug|Any CPU = Debug|Any CPU
		Release|Any CPU = Release|Any CPU
	EndGlobalSection
	GlobalSection(ProjectConfigurationPlatforms) = postSolution
		{CE43DBC0-9825-4BF9-A9D1-9320E892E6CC}.Debug|Any CPU.ActiveCfg = Debug|Any CPU
		{CE43DBC0-9825-4BF9-A9D1-9320E892E6CC}.Debug|Any CPU.Build.0 = Debug|Any CPU
		{CE43DBC0-9825-4BF9-A9D1-9320E892E6CC}.Release|Any CPU.ActiveCfg = Release|Any CPU
		{CE43DBC0-9825-4BF9-A9D1-9320E892E6CC}.Release|Any CPU.Build.0 = Release|Any CPU
	EndGlobalSection
	GlobalSection(SolutionProperties) = preSolution
		HideSolutionNode = FALSE
	EndGlobalSection
	GlobalSection(ExtensibilityGlobals) = postSolution
		SolutionGuid = {805178DD-98BE-405E-AF0A-3EA1F4168799}
	EndGlobalSection
EndGlobal
