
Microsoft Visual Studio Solution File, Format Version 12.00
# Visual Studio Version 16
VisualStudioVersion = 16.0.29020.237
MinimumVisualStudioVersion = 10.0.40219.1
Project("{FAE04EC0-301F-11D3-BF4B-00C04F79EFBC}") = "06-Fiap.Web.AspNet", "06-Fiap.Web.AspNet\06-Fiap.Web.AspNet.csproj", "{7972C61A-902F-45AD-9B5F-ED6B14AECA63}"
EndProject
Global
	GlobalSection(SolutionConfigurationPlatforms) = preSolution
		Debug|Any CPU = Debug|Any CPU
		Release|Any CPU = Release|Any CPU
	EndGlobalSection
	GlobalSection(ProjectConfigurationPlatforms) = postSolution
		{7972C61A-902F-45AD-9B5F-ED6B14AECA63}.Debug|Any CPU.ActiveCfg = Debug|Any CPU
		{7972C61A-902F-45AD-9B5F-ED6B14AECA63}.Debug|Any CPU.Build.0 = Debug|Any CPU
		{7972C61A-902F-45AD-9B5F-ED6B14AECA63}.Release|Any CPU.ActiveCfg = Release|Any CPU
		{7972C61A-902F-45AD-9B5F-ED6B14AECA63}.Release|Any CPU.Build.0 = Release|Any CPU
	EndGlobalSection
	GlobalSection(SolutionProperties) = preSolution
		HideSolutionNode = FALSE
	EndGlobalSection
	GlobalSection(ExtensibilityGlobals) = postSolution
		SolutionGuid = {489A578E-B929-400F-810F-E7A80ABB1B33}
	EndGlobalSection
EndGlobal
